// !$*UTF8*$!
{
	archiveVersion = 1;
	classes = {
	};
	objectVersion = 56;
	objects = {

/* Begin PBXBuildFile section */
		251B7A6B297735BD009FAD5C /* AppDelegate.swift in Sources */ = {isa = PBXBuildFile; fileRef = 251B7A6A297735BD009FAD5C /* AppDelegate.swift */; };
		251B7A6D297735BD009FAD5C /* SceneDelegate.swift in Sources */ = {isa = PBXBuildFile; fileRef = 251B7A6C297735BD009FAD5C /* SceneDelegate.swift */; };
		251B7A72297735BD009FAD5C /* Main.storyboard in Resources */ = {isa = PBXBuildFile; fileRef = 251B7A70297735BD009FAD5C /* Main.storyboard */; };
		251B7A75297735BD009FAD5C /* reddsaver.xcdatamodeld in Sources */ = {isa = PBXBuildFile; fileRef = 251B7A73297735BD009FAD5C /* reddsaver.xcdatamodeld */; };
		251B7A77297735BF009FAD5C /* Assets.xcassets in Resources */ = {isa = PBXBuildFile; fileRef = 251B7A76297735BF009FAD5C /* Assets.xcassets */; };
		251B7A7A297735BF009FAD5C /* LaunchScreen.storyboard in Resources */ = {isa = PBXBuildFile; fileRef = 251B7A78297735BF009FAD5C /* LaunchScreen.storyboard */; };
		251B7A85297735C0009FAD5C /* reddsaverTests.swift in Sources */ = {isa = PBXBuildFile; fileRef = 251B7A84297735C0009FAD5C /* reddsaverTests.swift */; };
		251B7A8F297735C0009FAD5C /* reddsaverUITests.swift in Sources */ = {isa = PBXBuildFile; fileRef = 251B7A8E297735C0009FAD5C /* reddsaverUITests.swift */; };
		251B7A91297735C0009FAD5C /* reddsaverUITestsLaunchTests.swift in Sources */ = {isa = PBXBuildFile; fileRef = 251B7A90297735C0009FAD5C /* reddsaverUITestsLaunchTests.swift */; };
		2525904029774D7100B4947D /* UserStorage.swift in Sources */ = {isa = PBXBuildFile; fileRef = 2525903F29774D7100B4947D /* UserStorage.swift */; };
		253E538629B857B300C15D4A /* AuthenticationManager.swift in Sources */ = {isa = PBXBuildFile; fileRef = 253E538529B857B300C15D4A /* AuthenticationManager.swift */; };
		253E538929B8687700C15D4A /* ReddLogger.swift in Sources */ = {isa = PBXBuildFile; fileRef = 253E538829B8687700C15D4A /* ReddLogger.swift */; };
		25451C0D29B7A3CF004FA121 /* RedditClient.swift in Sources */ = {isa = PBXBuildFile; fileRef = 25451C0C29B7A3CF004FA121 /* RedditClient.swift */; };
		256E602F29B8FE560098200E /* LogInViewController.swift in Sources */ = {isa = PBXBuildFile; fileRef = 256E602E29B8FE560098200E /* LogInViewController.swift */; };
		256E603229B927C60098200E /* RedditModel.swift in Sources */ = {isa = PBXBuildFile; fileRef = 256E603129B927C60098200E /* RedditModel.swift */; };
		25773B7A299A3E5E0005BD2A /* String+Additions.swift in Sources */ = {isa = PBXBuildFile; fileRef = 25773B79299A3E5E0005BD2A /* String+Additions.swift */; };
		257DFF9129B6B2F700093387 /* OAuth.storyboard in Resources */ = {isa = PBXBuildFile; fileRef = 257DFF9029B6B2F700093387 /* OAuth.storyboard */; };
		257DFF9429B6B85D00093387 /* RedditViewController.swift in Sources */ = {isa = PBXBuildFile; fileRef = 257DFF9329B6B85D00093387 /* RedditViewController.swift */; };
		257DFF9629B6C05D00093387 /* OAuthNavigationController.swift in Sources */ = {isa = PBXBuildFile; fileRef = 257DFF9529B6C05D00093387 /* OAuthNavigationController.swift */; };
		2588E9A629B279C1007620CC /* OAuthViewController.swift in Sources */ = {isa = PBXBuildFile; fileRef = 2588E9A529B279C1007620CC /* OAuthViewController.swift */; };
		2588E9A829B28CD0007620CC /* URL+Additions.swift in Sources */ = {isa = PBXBuildFile; fileRef = 2588E9A729B28CD0007620CC /* URL+Additions.swift */; };
		2588E9AA29B28E32007620CC /* Collection+Additions.swift in Sources */ = {isa = PBXBuildFile; fileRef = 2588E9A929B28E32007620CC /* Collection+Additions.swift */; };
		2588E9AD29B2A6AE007620CC /* OAuthModel.swift in Sources */ = {isa = PBXBuildFile; fileRef = 2588E9AC29B2A6AE007620CC /* OAuthModel.swift */; };
		25ED7747298B00C500B78F10 /* UIViewController+Additions.swift in Sources */ = {isa = PBXBuildFile; fileRef = 25ED7746298B00C500B78F10 /* UIViewController+Additions.swift */; };
		25ED7750298B034200B78F10 /* OAuthViewModel.swift in Sources */ = {isa = PBXBuildFile; fileRef = 25ED774F298B034200B78F10 /* OAuthViewModel.swift */; };
		25ED7752298B03D000B78F10 /* RootTabBarController.swift in Sources */ = {isa = PBXBuildFile; fileRef = 25ED7751298B03D000B78F10 /* RootTabBarController.swift */; };
		25ED7754298B04C000B78F10 /* Core.storyboard in Resources */ = {isa = PBXBuildFile; fileRef = 25ED7753298B04C000B78F10 /* Core.storyboard */; };
		695D9C8AE31CDA893D9E7AE3 /* Pods_reddsaver.framework in Frameworks */ = {isa = PBXBuildFile; fileRef = 8C1DBD584A4A6CE4326D6378 /* Pods_reddsaver.framework */; };
/* End PBXBuildFile section */

/* Begin PBXContainerItemProxy section */
		251B7A81297735C0009FAD5C /* PBXContainerItemProxy */ = {
			isa = PBXContainerItemProxy;
			containerPortal = 251B7A5F297735BD009FAD5C /* Project object */;
			proxyType = 1;
			remoteGlobalIDString = 251B7A66297735BD009FAD5C;
			remoteInfo = reddsaver;
		};
		251B7A8B297735C0009FAD5C /* PBXContainerItemProxy */ = {
			isa = PBXContainerItemProxy;
			containerPortal = 251B7A5F297735BD009FAD5C /* Project object */;
			proxyType = 1;
			remoteGlobalIDString = 251B7A66297735BD009FAD5C;
			remoteInfo = reddsaver;
		};
/* End PBXContainerItemProxy section */

/* Begin PBXFileReference section */
		251B7A67297735BD009FAD5C /* reddsaver.app */ = {isa = PBXFileReference; explicitFileType = wrapper.application; includeInIndex = 0; path = reddsaver.app; sourceTree = BUILT_PRODUCTS_DIR; };
		251B7A6A297735BD009FAD5C /* AppDelegate.swift */ = {isa = PBXFileReference; lastKnownFileType = sourcecode.swift; path = AppDelegate.swift; sourceTree = "<group>"; };
		251B7A6C297735BD009FAD5C /* SceneDelegate.swift */ = {isa = PBXFileReference; lastKnownFileType = sourcecode.swift; path = SceneDelegate.swift; sourceTree = "<group>"; };
		251B7A71297735BD009FAD5C /* Base */ = {isa = PBXFileReference; lastKnownFileType = file.storyboard; name = Base; path = Base.lproj/Main.storyboard; sourceTree = "<group>"; };
		251B7A74297735BD009FAD5C /* reddsaver.xcdatamodel */ = {isa = PBXFileReference; lastKnownFileType = wrapper.xcdatamodel; path = reddsaver.xcdatamodel; sourceTree = "<group>"; };
		251B7A76297735BF009FAD5C /* Assets.xcassets */ = {isa = PBXFileReference; lastKnownFileType = folder.assetcatalog; path = Assets.xcassets; sourceTree = "<group>"; };
		251B7A79297735BF009FAD5C /* Base */ = {isa = PBXFileReference; lastKnownFileType = file.storyboard; name = Base; path = Base.lproj/LaunchScreen.storyboard; sourceTree = "<group>"; };
		251B7A7B297735BF009FAD5C /* Info.plist */ = {isa = PBXFileReference; lastKnownFileType = text.plist.xml; path = Info.plist; sourceTree = "<group>"; };
		251B7A80297735C0009FAD5C /* reddsaverTests.xctest */ = {isa = PBXFileReference; explicitFileType = wrapper.cfbundle; includeInIndex = 0; path = reddsaverTests.xctest; sourceTree = BUILT_PRODUCTS_DIR; };
		251B7A84297735C0009FAD5C /* reddsaverTests.swift */ = {isa = PBXFileReference; lastKnownFileType = sourcecode.swift; path = reddsaverTests.swift; sourceTree = "<group>"; };
		251B7A8A297735C0009FAD5C /* reddsaverUITests.xctest */ = {isa = PBXFileReference; explicitFileType = wrapper.cfbundle; includeInIndex = 0; path = reddsaverUITests.xctest; sourceTree = BUILT_PRODUCTS_DIR; };
		251B7A8E297735C0009FAD5C /* reddsaverUITests.swift */ = {isa = PBXFileReference; lastKnownFileType = sourcecode.swift; path = reddsaverUITests.swift; sourceTree = "<group>"; };
		251B7A90297735C0009FAD5C /* reddsaverUITestsLaunchTests.swift */ = {isa = PBXFileReference; lastKnownFileType = sourcecode.swift; path = reddsaverUITestsLaunchTests.swift; sourceTree = "<group>"; };
		2525903F29774D7100B4947D /* UserStorage.swift */ = {isa = PBXFileReference; lastKnownFileType = sourcecode.swift; path = UserStorage.swift; sourceTree = "<group>"; };
		253E538529B857B300C15D4A /* AuthenticationManager.swift */ = {isa = PBXFileReference; lastKnownFileType = sourcecode.swift; path = AuthenticationManager.swift; sourceTree = "<group>"; };
		253E538829B8687700C15D4A /* ReddLogger.swift */ = {isa = PBXFileReference; lastKnownFileType = sourcecode.swift; path = ReddLogger.swift; sourceTree = "<group>"; };
		25451C0C29B7A3CF004FA121 /* RedditClient.swift */ = {isa = PBXFileReference; lastKnownFileType = sourcecode.swift; path = RedditClient.swift; sourceTree = "<group>"; };
		256E602E29B8FE560098200E /* LogInViewController.swift */ = {isa = PBXFileReference; lastKnownFileType = sourcecode.swift; path = LogInViewController.swift; sourceTree = "<group>"; };
		256E603129B927C60098200E /* RedditModel.swift */ = {isa = PBXFileReference; lastKnownFileType = sourcecode.swift; path = RedditModel.swift; sourceTree = "<group>"; };
		25773B78299A3C650005BD2A /* Config.xcconfig */ = {isa = PBXFileReference; lastKnownFileType = text.xcconfig; path = Config.xcconfig; sourceTree = "<group>"; };
		25773B79299A3E5E0005BD2A /* String+Additions.swift */ = {isa = PBXFileReference; lastKnownFileType = sourcecode.swift; path = "String+Additions.swift"; sourceTree = "<group>"; };
		257DFF9029B6B2F700093387 /* OAuth.storyboard */ = {isa = PBXFileReference; lastKnownFileType = file.storyboard; path = OAuth.storyboard; sourceTree = "<group>"; };
		257DFF9329B6B85D00093387 /* RedditViewController.swift */ = {isa = PBXFileReference; lastKnownFileType = sourcecode.swift; path = RedditViewController.swift; sourceTree = "<group>"; };
		257DFF9529B6C05D00093387 /* OAuthNavigationController.swift */ = {isa = PBXFileReference; lastKnownFileType = sourcecode.swift; path = OAuthNavigationController.swift; sourceTree = "<group>"; };
		2588E9A529B279C1007620CC /* OAuthViewController.swift */ = {isa = PBXFileReference; lastKnownFileType = sourcecode.swift; path = OAuthViewController.swift; sourceTree = "<group>"; };
		2588E9A729B28CD0007620CC /* URL+Additions.swift */ = {isa = PBXFileReference; lastKnownFileType = sourcecode.swift; path = "URL+Additions.swift"; sourceTree = "<group>"; };
		2588E9A929B28E32007620CC /* Collection+Additions.swift */ = {isa = PBXFileReference; lastKnownFileType = sourcecode.swift; path = "Collection+Additions.swift"; sourceTree = "<group>"; };
		2588E9AC29B2A6AE007620CC /* OAuthModel.swift */ = {isa = PBXFileReference; lastKnownFileType = sourcecode.swift; path = OAuthModel.swift; sourceTree = "<group>"; };
		25ED7746298B00C500B78F10 /* UIViewController+Additions.swift */ = {isa = PBXFileReference; lastKnownFileType = sourcecode.swift; path = "UIViewController+Additions.swift"; sourceTree = "<group>"; };
		25ED774F298B034200B78F10 /* OAuthViewModel.swift */ = {isa = PBXFileReference; lastKnownFileType = sourcecode.swift; path = OAuthViewModel.swift; sourceTree = "<group>"; };
		25ED7751298B03D000B78F10 /* RootTabBarController.swift */ = {isa = PBXFileReference; lastKnownFileType = sourcecode.swift; path = RootTabBarController.swift; sourceTree = "<group>"; };
		25ED7753298B04C000B78F10 /* Core.storyboard */ = {isa = PBXFileReference; lastKnownFileType = file.storyboard; path = Core.storyboard; sourceTree = "<group>"; };
		6564888129566FDBF29D787A /* Pods-reddsaver.release.xcconfig */ = {isa = PBXFileReference; includeInIndex = 1; lastKnownFileType = text.xcconfig; name = "Pods-reddsaver.release.xcconfig"; path = "Target Support Files/Pods-reddsaver/Pods-reddsaver.release.xcconfig"; sourceTree = "<group>"; };
		8C1DBD584A4A6CE4326D6378 /* Pods_reddsaver.framework */ = {isa = PBXFileReference; explicitFileType = wrapper.framework; includeInIndex = 0; path = Pods_reddsaver.framework; sourceTree = BUILT_PRODUCTS_DIR; };
		AAAA4D90B3BC3DBC221EFD25 /* Pods-reddsaver.debug.xcconfig */ = {isa = PBXFileReference; includeInIndex = 1; lastKnownFileType = text.xcconfig; name = "Pods-reddsaver.debug.xcconfig"; path = "Target Support Files/Pods-reddsaver/Pods-reddsaver.debug.xcconfig"; sourceTree = "<group>"; };
/* End PBXFileReference section */

/* Begin PBXFrameworksBuildPhase section */
		251B7A64297735BD009FAD5C /* Frameworks */ = {
			isa = PBXFrameworksBuildPhase;
			buildActionMask = 2147483647;
			files = (
				695D9C8AE31CDA893D9E7AE3 /* Pods_reddsaver.framework in Frameworks */,
			);
			runOnlyForDeploymentPostprocessing = 0;
		};
		251B7A7D297735C0009FAD5C /* Frameworks */ = {
			isa = PBXFrameworksBuildPhase;
			buildActionMask = 2147483647;
			files = (
			);
			runOnlyForDeploymentPostprocessing = 0;
		};
		251B7A87297735C0009FAD5C /* Frameworks */ = {
			isa = PBXFrameworksBuildPhase;
			buildActionMask = 2147483647;
			files = (
			);
			runOnlyForDeploymentPostprocessing = 0;
		};
/* End PBXFrameworksBuildPhase section */

/* Begin PBXGroup section */
		251B7A5E297735BD009FAD5C = {
			isa = PBXGroup;
			children = (
				251B7A69297735BD009FAD5C /* reddsaver */,
				251B7A83297735C0009FAD5C /* reddsaverTests */,
				251B7A8D297735C0009FAD5C /* reddsaverUITests */,
				251B7A68297735BD009FAD5C /* Products */,
				52F4C3DBE2116FEBAB602F77 /* Pods */,
				5E267A09B7F58AD6536F6741 /* Frameworks */,
			);
			sourceTree = "<group>";
		};
		251B7A68297735BD009FAD5C /* Products */ = {
			isa = PBXGroup;
			children = (
				251B7A67297735BD009FAD5C /* reddsaver.app */,
				251B7A80297735C0009FAD5C /* reddsaverTests.xctest */,
				251B7A8A297735C0009FAD5C /* reddsaverUITests.xctest */,
			);
			name = Products;
			sourceTree = "<group>";
		};
		251B7A69297735BD009FAD5C /* reddsaver */ = {
			isa = PBXGroup;
			children = (
				25451C0929B7A39C004FA121 /* Client */,
				257DFF9229B6B84300093387 /* Reddit */,
				251B7A9D29773C50009FAD5C /* Core */,
				25ED7745298B009000B78F10 /* Extensions */,
				257DFF8E29B6B23A00093387 /* OAuth */,
				253E538729B8685600C15D4A /* Utilities */,
				251B7A76297735BF009FAD5C /* Assets.xcassets */,
				251B7A78297735BF009FAD5C /* LaunchScreen.storyboard */,
				251B7A7B297735BF009FAD5C /* Info.plist */,
				251B7A73297735BD009FAD5C /* reddsaver.xcdatamodeld */,
				25773B78299A3C650005BD2A /* Config.xcconfig */,
			);
			path = reddsaver;
			sourceTree = "<group>";
		};
		251B7A83297735C0009FAD5C /* reddsaverTests */ = {
			isa = PBXGroup;
			children = (
				251B7A84297735C0009FAD5C /* reddsaverTests.swift */,
			);
			path = reddsaverTests;
			sourceTree = "<group>";
		};
		251B7A8D297735C0009FAD5C /* reddsaverUITests */ = {
			isa = PBXGroup;
			children = (
				251B7A8E297735C0009FAD5C /* reddsaverUITests.swift */,
				251B7A90297735C0009FAD5C /* reddsaverUITestsLaunchTests.swift */,
			);
			path = reddsaverUITests;
			sourceTree = "<group>";
		};
		251B7A9D29773C50009FAD5C /* Core */ = {
			isa = PBXGroup;
			children = (
				25ED774E298B032200B78F10 /* View */,
				251B7A6A297735BD009FAD5C /* AppDelegate.swift */,
				251B7A6C297735BD009FAD5C /* SceneDelegate.swift */,
			);
			path = Core;
			sourceTree = "<group>";
		};
		253E538729B8685600C15D4A /* Utilities */ = {
			isa = PBXGroup;
			children = (
				2525903F29774D7100B4947D /* UserStorage.swift */,
				253E538829B8687700C15D4A /* ReddLogger.swift */,
			);
			path = Utilities;
			sourceTree = "<group>";
		};
		25451C0929B7A39C004FA121 /* Client */ = {
			isa = PBXGroup;
			children = (
			);
			path = Client;
			sourceTree = "<group>";
		};
		256E603029B927B50098200E /* View */ = {
			isa = PBXGroup;
			children = (
				257DFF9329B6B85D00093387 /* RedditViewController.swift */,
			);
			path = View;
			sourceTree = "<group>";
		};
		256E603329B927CA0098200E /* Model */ = {
			isa = PBXGroup;
			children = (
				256E603129B927C60098200E /* RedditModel.swift */,
			);
			path = Model;
			sourceTree = "<group>";
		};
		257DFF8E29B6B23A00093387 /* OAuth */ = {
			isa = PBXGroup;
			children = (
				2588E9AB29B2A69E007620CC /* Model */,
				257DFF8F29B6B26000093387 /* View */,
				25ED774D298B031300B78F10 /* ViewModel */,
				253E538529B857B300C15D4A /* AuthenticationManager.swift */,
			);
			path = OAuth;
			sourceTree = "<group>";
		};
		257DFF8F29B6B26000093387 /* View */ = {
			isa = PBXGroup;
			children = (
				256E602E29B8FE560098200E /* LogInViewController.swift */,
				257DFF9029B6B2F700093387 /* OAuth.storyboard */,
				257DFF9529B6C05D00093387 /* OAuthNavigationController.swift */,
				2588E9A529B279C1007620CC /* OAuthViewController.swift */,
			);
			path = View;
			sourceTree = "<group>";
		};
		257DFF9229B6B84300093387 /* Reddit */ = {
			isa = PBXGroup;
			children = (
				256E603329B927CA0098200E /* Model */,
				256E603029B927B50098200E /* View */,
				25451C0C29B7A3CF004FA121 /* RedditClient.swift */,
			);
			path = Reddit;
			sourceTree = "<group>";
		};
		2588E9AB29B2A69E007620CC /* Model */ = {
			isa = PBXGroup;
			children = (
				2588E9AC29B2A6AE007620CC /* OAuthModel.swift */,
			);
			path = Model;
			sourceTree = "<group>";
		};
		25ED7745298B009000B78F10 /* Extensions */ = {
			isa = PBXGroup;
			children = (
				25ED7746298B00C500B78F10 /* UIViewController+Additions.swift */,
				25773B79299A3E5E0005BD2A /* String+Additions.swift */,
				2588E9A729B28CD0007620CC /* URL+Additions.swift */,
				2588E9A929B28E32007620CC /* Collection+Additions.swift */,
			);
			path = Extensions;
			sourceTree = "<group>";
		};
		25ED774D298B031300B78F10 /* ViewModel */ = {
			isa = PBXGroup;
			children = (
				25ED774F298B034200B78F10 /* OAuthViewModel.swift */,
			);
			path = ViewModel;
			sourceTree = "<group>";
		};
		25ED774E298B032200B78F10 /* View */ = {
			isa = PBXGroup;
			children = (
				251B7A70297735BD009FAD5C /* Main.storyboard */,
				25ED7751298B03D000B78F10 /* RootTabBarController.swift */,
				25ED7753298B04C000B78F10 /* Core.storyboard */,
			);
			path = View;
			sourceTree = "<group>";
		};
		52F4C3DBE2116FEBAB602F77 /* Pods */ = {
			isa = PBXGroup;
			children = (
				AAAA4D90B3BC3DBC221EFD25 /* Pods-reddsaver.debug.xcconfig */,
				6564888129566FDBF29D787A /* Pods-reddsaver.release.xcconfig */,
			);
			path = Pods;
			sourceTree = "<group>";
		};
		5E267A09B7F58AD6536F6741 /* Frameworks */ = {
			isa = PBXGroup;
			children = (
				8C1DBD584A4A6CE4326D6378 /* Pods_reddsaver.framework */,
			);
			name = Frameworks;
			sourceTree = "<group>";
		};
/* End PBXGroup section */

/* Begin PBXNativeTarget section */
		251B7A66297735BD009FAD5C /* reddsaver */ = {
			isa = PBXNativeTarget;
			buildConfigurationList = 251B7A94297735C0009FAD5C /* Build configuration list for PBXNativeTarget "reddsaver" */;
			buildPhases = (
				033395D5B1748FDAB40CF006 /* [CP] Check Pods Manifest.lock */,
				251B7A63297735BD009FAD5C /* Sources */,
				251B7A64297735BD009FAD5C /* Frameworks */,
				251B7A65297735BD009FAD5C /* Resources */,
				C1F9DBC3BA6346D0ACEE194F /* [CP] Embed Pods Frameworks */,
			);
			buildRules = (
			);
			dependencies = (
			);
			name = reddsaver;
			productName = reddsaver;
			productReference = 251B7A67297735BD009FAD5C /* reddsaver.app */;
			productType = "com.apple.product-type.application";
		};
		251B7A7F297735C0009FAD5C /* reddsaverTests */ = {
			isa = PBXNativeTarget;
			buildConfigurationList = 251B7A97297735C0009FAD5C /* Build configuration list for PBXNativeTarget "reddsaverTests" */;
			buildPhases = (
				251B7A7C297735C0009FAD5C /* Sources */,
				251B7A7D297735C0009FAD5C /* Frameworks */,
				251B7A7E297735C0009FAD5C /* Resources */,
			);
			buildRules = (
			);
			dependencies = (
				251B7A82297735C0009FAD5C /* PBXTargetDependency */,
			);
			name = reddsaverTests;
			productName = reddsaverTests;
			productReference = 251B7A80297735C0009FAD5C /* reddsaverTests.xctest */;
			productType = "com.apple.product-type.bundle.unit-test";
		};
		251B7A89297735C0009FAD5C /* reddsaverUITests */ = {
			isa = PBXNativeTarget;
			buildConfigurationList = 251B7A9A297735C0009FAD5C /* Build configuration list for PBXNativeTarget "reddsaverUITests" */;
			buildPhases = (
				251B7A86297735C0009FAD5C /* Sources */,
				251B7A87297735C0009FAD5C /* Frameworks */,
				251B7A88297735C0009FAD5C /* Resources */,
			);
			buildRules = (
			);
			dependencies = (
				251B7A8C297735C0009FAD5C /* PBXTargetDependency */,
			);
			name = reddsaverUITests;
			productName = reddsaverUITests;
			productReference = 251B7A8A297735C0009FAD5C /* reddsaverUITests.xctest */;
			productType = "com.apple.product-type.bundle.ui-testing";
		};
/* End PBXNativeTarget section */

/* Begin PBXProject section */
		251B7A5F297735BD009FAD5C /* Project object */ = {
			isa = PBXProject;
			attributes = {
				BuildIndependentTargetsInParallel = 1;
				LastSwiftUpdateCheck = 1420;
				LastUpgradeCheck = 1420;
				TargetAttributes = {
					251B7A66297735BD009FAD5C = {
						CreatedOnToolsVersion = 14.2;
					};
					251B7A7F297735C0009FAD5C = {
						CreatedOnToolsVersion = 14.2;
						TestTargetID = 251B7A66297735BD009FAD5C;
					};
					251B7A89297735C0009FAD5C = {
						CreatedOnToolsVersion = 14.2;
						TestTargetID = 251B7A66297735BD009FAD5C;
					};
				};
			};
			buildConfigurationList = 251B7A62297735BD009FAD5C /* Build configuration list for PBXProject "reddsaver" */;
			compatibilityVersion = "Xcode 14.0";
			developmentRegion = en;
			hasScannedForEncodings = 0;
			knownRegions = (
				en,
				Base,
			);
			mainGroup = 251B7A5E297735BD009FAD5C;
			productRefGroup = 251B7A68297735BD009FAD5C /* Products */;
			projectDirPath = "";
			projectRoot = "";
			targets = (
				251B7A66297735BD009FAD5C /* reddsaver */,
				251B7A7F297735C0009FAD5C /* reddsaverTests */,
				251B7A89297735C0009FAD5C /* reddsaverUITests */,
			);
		};
/* End PBXProject section */

/* Begin PBXResourcesBuildPhase section */
		251B7A65297735BD009FAD5C /* Resources */ = {
			isa = PBXResourcesBuildPhase;
			buildActionMask = 2147483647;
			files = (
				251B7A7A297735BF009FAD5C /* LaunchScreen.storyboard in Resources */,
				251B7A77297735BF009FAD5C /* Assets.xcassets in Resources */,
				257DFF9129B6B2F700093387 /* OAuth.storyboard in Resources */,
				25ED7754298B04C000B78F10 /* Core.storyboard in Resources */,
				251B7A72297735BD009FAD5C /* Main.storyboard in Resources */,
			);
			runOnlyForDeploymentPostprocessing = 0;
		};
		251B7A7E297735C0009FAD5C /* Resources */ = {
			isa = PBXResourcesBuildPhase;
			buildActionMask = 2147483647;
			files = (
			);
			runOnlyForDeploymentPostprocessing = 0;
		};
		251B7A88297735C0009FAD5C /* Resources */ = {
			isa = PBXResourcesBuildPhase;
			buildActionMask = 2147483647;
			files = (
			);
			runOnlyForDeploymentPostprocessing = 0;
		};
/* End PBXResourcesBuildPhase section */

/* Begin PBXShellScriptBuildPhase section */
		033395D5B1748FDAB40CF006 /* [CP] Check Pods Manifest.lock */ = {
			isa = PBXShellScriptBuildPhase;
			buildActionMask = 2147483647;
			files = (
			);
			inputFileListPaths = (
			);
			inputPaths = (
				"${PODS_PODFILE_DIR_PATH}/Podfile.lock",
				"${PODS_ROOT}/Manifest.lock",
			);
			name = "[CP] Check Pods Manifest.lock";
			outputFileListPaths = (
			);
			outputPaths = (
				"$(DERIVED_FILE_DIR)/Pods-reddsaver-checkManifestLockResult.txt",
			);
			runOnlyForDeploymentPostprocessing = 0;
			shellPath = /bin/sh;
			shellScript = "diff \"${PODS_PODFILE_DIR_PATH}/Podfile.lock\" \"${PODS_ROOT}/Manifest.lock\" > /dev/null\nif [ $? != 0 ] ; then\n    # print error to STDERR\n    echo \"error: The sandbox is not in sync with the Podfile.lock. Run 'pod install' or update your CocoaPods installation.\" >&2\n    exit 1\nfi\n# This output is used by Xcode 'outputs' to avoid re-running this script phase.\necho \"SUCCESS\" > \"${SCRIPT_OUTPUT_FILE_0}\"\n";
			showEnvVarsInLog = 0;
		};
		C1F9DBC3BA6346D0ACEE194F /* [CP] Embed Pods Frameworks */ = {
			isa = PBXShellScriptBuildPhase;
			buildActionMask = 2147483647;
			files = (
			);
			inputFileListPaths = (
				"${PODS_ROOT}/Target Support Files/Pods-reddsaver/Pods-reddsaver-frameworks-${CONFIGURATION}-input-files.xcfilelist",
			);
			name = "[CP] Embed Pods Frameworks";
			outputFileListPaths = (
				"${PODS_ROOT}/Target Support Files/Pods-reddsaver/Pods-reddsaver-frameworks-${CONFIGURATION}-output-files.xcfilelist",
			);
			runOnlyForDeploymentPostprocessing = 0;
			shellPath = /bin/sh;
			shellScript = "\"${PODS_ROOT}/Target Support Files/Pods-reddsaver/Pods-reddsaver-frameworks.sh\"\n";
			showEnvVarsInLog = 0;
		};
/* End PBXShellScriptBuildPhase section */

/* Begin PBXSourcesBuildPhase section */
		251B7A63297735BD009FAD5C /* Sources */ = {
			isa = PBXSourcesBuildPhase;
			buildActionMask = 2147483647;
			files = (
				25ED7752298B03D000B78F10 /* RootTabBarController.swift in Sources */,
				257DFF9429B6B85D00093387 /* RedditViewController.swift in Sources */,
				256E602F29B8FE560098200E /* LogInViewController.swift in Sources */,
				25451C0D29B7A3CF004FA121 /* RedditClient.swift in Sources */,
				256E603229B927C60098200E /* RedditModel.swift in Sources */,
				25ED7747298B00C500B78F10 /* UIViewController+Additions.swift in Sources */,
				251B7A6B297735BD009FAD5C /* AppDelegate.swift in Sources */,
				2525904029774D7100B4947D /* UserStorage.swift in Sources */,
				251B7A75297735BD009FAD5C /* reddsaver.xcdatamodeld in Sources */,
				2588E9A629B279C1007620CC /* OAuthViewController.swift in Sources */,
				253E538929B8687700C15D4A /* ReddLogger.swift in Sources */,
				257DFF9629B6C05D00093387 /* OAuthNavigationController.swift in Sources */,
				253E538629B857B300C15D4A /* AuthenticationManager.swift in Sources */,
				25ED7750298B034200B78F10 /* OAuthViewModel.swift in Sources */,
				2588E9AD29B2A6AE007620CC /* OAuthModel.swift in Sources */,
				2588E9AA29B28E32007620CC /* Collection+Additions.swift in Sources */,
				251B7A6D297735BD009FAD5C /* SceneDelegate.swift in Sources */,
				2588E9A829B28CD0007620CC /* URL+Additions.swift in Sources */,
				25773B7A299A3E5E0005BD2A /* String+Additions.swift in Sources */,
			);
			runOnlyForDeploymentPostprocessing = 0;
		};
		251B7A7C297735C0009FAD5C /* Sources */ = {
			isa = PBXSourcesBuildPhase;
			buildActionMask = 2147483647;
			files = (
				251B7A85297735C0009FAD5C /* reddsaverTests.swift in Sources */,
			);
			runOnlyForDeploymentPostprocessing = 0;
		};
		251B7A86297735C0009FAD5C /* Sources */ = {
			isa = PBXSourcesBuildPhase;
			buildActionMask = 2147483647;
			files = (
				251B7A8F297735C0009FAD5C /* reddsaverUITests.swift in Sources */,
				251B7A91297735C0009FAD5C /* reddsaverUITestsLaunchTests.swift in Sources */,
			);
			runOnlyForDeploymentPostprocessing = 0;
		};
/* End PBXSourcesBuildPhase section */

/* Begin PBXTargetDependency section */
		251B7A82297735C0009FAD5C /* PBXTargetDependency */ = {
			isa = PBXTargetDependency;
			target = 251B7A66297735BD009FAD5C /* reddsaver */;
			targetProxy = 251B7A81297735C0009FAD5C /* PBXContainerItemProxy */;
		};
		251B7A8C297735C0009FAD5C /* PBXTargetDependency */ = {
			isa = PBXTargetDependency;
			target = 251B7A66297735BD009FAD5C /* reddsaver */;
			targetProxy = 251B7A8B297735C0009FAD5C /* PBXContainerItemProxy */;
		};
/* End PBXTargetDependency section */

/* Begin PBXVariantGroup section */
		251B7A70297735BD009FAD5C /* Main.storyboard */ = {
			isa = PBXVariantGroup;
			children = (
				251B7A71297735BD009FAD5C /* Base */,
			);
			name = Main.storyboard;
			sourceTree = "<group>";
		};
		251B7A78297735BF009FAD5C /* LaunchScreen.storyboard */ = {
			isa = PBXVariantGroup;
			children = (
				251B7A79297735BF009FAD5C /* Base */,
			);
			name = LaunchScreen.storyboard;
			sourceTree = "<group>";
		};
/* End PBXVariantGroup section */

/* Begin XCBuildConfiguration section */
		251B7A92297735C0009FAD5C /* Debug */ = {
			isa = XCBuildConfiguration;
			baseConfigurationReference = 25773B78299A3C650005BD2A /* Config.xcconfig */;
			buildSettings = {
				ALWAYS_SEARCH_USER_PATHS = NO;
				CLANG_ANALYZER_NONNULL = YES;
				CLANG_ANALYZER_NUMBER_OBJECT_CONVERSION = YES_AGGRESSIVE;
				CLANG_CXX_LANGUAGE_STANDARD = "gnu++20";
				CLANG_ENABLE_MODULES = YES;
				CLANG_ENABLE_OBJC_ARC = YES;
				CLANG_ENABLE_OBJC_WEAK = YES;
				CLANG_WARN_BLOCK_CAPTURE_AUTORELEASING = YES;
				CLANG_WARN_BOOL_CONVERSION = YES;
				CLANG_WARN_COMMA = YES;
				CLANG_WARN_CONSTANT_CONVERSION = YES;
				CLANG_WARN_DEPRECATED_OBJC_IMPLEMENTATIONS = YES;
				CLANG_WARN_DIRECT_OBJC_ISA_USAGE = YES_ERROR;
				CLANG_WARN_DOCUMENTATION_COMMENTS = YES;
				CLANG_WARN_EMPTY_BODY = YES;
				CLANG_WARN_ENUM_CONVERSION = YES;
				CLANG_WARN_INFINITE_RECURSION = YES;
				CLANG_WARN_INT_CONVERSION = YES;
				CLANG_WARN_NON_LITERAL_NULL_CONVERSION = YES;
				CLANG_WARN_OBJC_IMPLICIT_RETAIN_SELF = YES;
				CLANG_WARN_OBJC_LITERAL_CONVERSION = YES;
				CLANG_WARN_OBJC_ROOT_CLASS = YES_ERROR;
				CLANG_WARN_QUOTED_INCLUDE_IN_FRAMEWORK_HEADER = YES;
				CLANG_WARN_RANGE_LOOP_ANALYSIS = YES;
				CLANG_WARN_STRICT_PROTOTYPES = YES;
				CLANG_WARN_SUSPICIOUS_MOVE = YES;
				CLANG_WARN_UNGUARDED_AVAILABILITY = YES_AGGRESSIVE;
				CLANG_WARN_UNREACHABLE_CODE = YES;
				CLANG_WARN__DUPLICATE_METHOD_MATCH = YES;
				COPY_PHASE_STRIP = NO;
				DEBUG_INFORMATION_FORMAT = dwarf;
				ENABLE_STRICT_OBJC_MSGSEND = YES;
				ENABLE_TESTABILITY = YES;
				GCC_C_LANGUAGE_STANDARD = gnu11;
				GCC_DYNAMIC_NO_PIC = NO;
				GCC_NO_COMMON_BLOCKS = YES;
				GCC_OPTIMIZATION_LEVEL = 0;
				GCC_PREPROCESSOR_DEFINITIONS = (
					"DEBUG=1",
					"$(inherited)",
				);
				GCC_WARN_64_TO_32_BIT_CONVERSION = YES;
				GCC_WARN_ABOUT_RETURN_TYPE = YES_ERROR;
				GCC_WARN_UNDECLARED_SELECTOR = YES;
				GCC_WARN_UNINITIALIZED_AUTOS = YES_AGGRESSIVE;
				GCC_WARN_UNUSED_FUNCTION = YES;
				GCC_WARN_UNUSED_VARIABLE = YES;
				IPHONEOS_DEPLOYMENT_TARGET = 15.0;
				MTL_ENABLE_DEBUG_INFO = INCLUDE_SOURCE;
				MTL_FAST_MATH = YES;
				ONLY_ACTIVE_ARCH = YES;
				SDKROOT = iphoneos;
				SWIFT_ACTIVE_COMPILATION_CONDITIONS = DEBUG;
				SWIFT_OPTIMIZATION_LEVEL = "-Onone";
			};
			name = Debug;
		};
		251B7A93297735C0009FAD5C /* Release */ = {
			isa = XCBuildConfiguration;
			baseConfigurationReference = 25773B78299A3C650005BD2A /* Config.xcconfig */;
			buildSettings = {
				ALWAYS_SEARCH_USER_PATHS = NO;
				CLANG_ANALYZER_NONNULL = YES;
				CLANG_ANALYZER_NUMBER_OBJECT_CONVERSION = YES_AGGRESSIVE;
				CLANG_CXX_LANGUAGE_STANDARD = "gnu++20";
				CLANG_ENABLE_MODULES = YES;
				CLANG_ENABLE_OBJC_ARC = YES;
				CLANG_ENABLE_OBJC_WEAK = YES;
				CLANG_WARN_BLOCK_CAPTURE_AUTORELEASING = YES;
				CLANG_WARN_BOOL_CONVERSION = YES;
				CLANG_WARN_COMMA = YES;
				CLANG_WARN_CONSTANT_CONVERSION = YES;
				CLANG_WARN_DEPRECATED_OBJC_IMPLEMENTATIONS = YES;
				CLANG_WARN_DIRECT_OBJC_ISA_USAGE = YES_ERROR;
				CLANG_WARN_DOCUMENTATION_COMMENTS = YES;
				CLANG_WARN_EMPTY_BODY = YES;
				CLANG_WARN_ENUM_CONVERSION = YES;
				CLANG_WARN_INFINITE_RECURSION = YES;
				CLANG_WARN_INT_CONVERSION = YES;
				CLANG_WARN_NON_LITERAL_NULL_CONVERSION = YES;
				CLANG_WARN_OBJC_IMPLICIT_RETAIN_SELF = YES;
				CLANG_WARN_OBJC_LITERAL_CONVERSION = YES;
				CLANG_WARN_OBJC_ROOT_CLASS = YES_ERROR;
				CLANG_WARN_QUOTED_INCLUDE_IN_FRAMEWORK_HEADER = YES;
				CLANG_WARN_RANGE_LOOP_ANALYSIS = YES;
				CLANG_WARN_STRICT_PROTOTYPES = YES;
				CLANG_WARN_SUSPICIOUS_MOVE = YES;
				CLANG_WARN_UNGUARDED_AVAILABILITY = YES_AGGRESSIVE;
				CLANG_WARN_UNREACHABLE_CODE = YES;
				CLANG_WARN__DUPLICATE_METHOD_MATCH = YES;
				COPY_PHASE_STRIP = NO;
				DEBUG_INFORMATION_FORMAT = "dwarf-with-dsym";
				ENABLE_NS_ASSERTIONS = NO;
				ENABLE_STRICT_OBJC_MSGSEND = YES;
				GCC_C_LANGUAGE_STANDARD = gnu11;
				GCC_NO_COMMON_BLOCKS = YES;
				GCC_WARN_64_TO_32_BIT_CONVERSION = YES;
				GCC_WARN_ABOUT_RETURN_TYPE = YES_ERROR;
				GCC_WARN_UNDECLARED_SELECTOR = YES;
				GCC_WARN_UNINITIALIZED_AUTOS = YES_AGGRESSIVE;
				GCC_WARN_UNUSED_FUNCTION = YES;
				GCC_WARN_UNUSED_VARIABLE = YES;
				IPHONEOS_DEPLOYMENT_TARGET = 15.0;
				MTL_ENABLE_DEBUG_INFO = NO;
				MTL_FAST_MATH = YES;
				SDKROOT = iphoneos;
				SWIFT_COMPILATION_MODE = wholemodule;
				SWIFT_OPTIMIZATION_LEVEL = "-O";
				VALIDATE_PRODUCT = YES;
			};
			name = Release;
		};
		251B7A95297735C0009FAD5C /* Debug */ = {
			isa = XCBuildConfiguration;
			baseConfigurationReference = AAAA4D90B3BC3DBC221EFD25 /* Pods-reddsaver.debug.xcconfig */;
			buildSettings = {
				ASSETCATALOG_COMPILER_APPICON_NAME = AppIcon;
				ASSETCATALOG_COMPILER_GLOBAL_ACCENT_COLOR_NAME = AccentColor;
				CODE_SIGN_STYLE = Manual;
				CURRENT_PROJECT_VERSION = 1;
				DEVELOPMENT_TEAM = "";
				GENERATE_INFOPLIST_FILE = YES;
				INFOPLIST_FILE = reddsaver/Info.plist;
				INFOPLIST_KEY_CFBundleDisplayName = ReddSaver;
				INFOPLIST_KEY_LSApplicationCategoryType = "public.app-category.social-networking";
				INFOPLIST_KEY_UIApplicationSupportsIndirectInputEvents = YES;
				INFOPLIST_KEY_UILaunchStoryboardName = LaunchScreen;
				INFOPLIST_KEY_UIMainStoryboardFile = Main;
				INFOPLIST_KEY_UISupportedInterfaceOrientations = UIInterfaceOrientationPortrait;
				IPHONEOS_DEPLOYMENT_TARGET = 14.0;
				LD_RUNPATH_SEARCH_PATHS = (
					"$(inherited)",
					"@executable_path/Frameworks",
				);
				MARKETING_VERSION = 1.0;
				PRODUCT_BUNDLE_IDENTIFIER = com.marklaramee.reddsaver;
				PRODUCT_NAME = "$(TARGET_NAME)";
				PROVISIONING_PROFILE_SPECIFIER = "";
				SUPPORTED_PLATFORMS = "iphoneos iphonesimulator";
				SUPPORTS_MACCATALYST = NO;
				SUPPORTS_MAC_DESIGNED_FOR_IPHONE_IPAD = NO;
				SWIFT_EMIT_LOC_STRINGS = YES;
				SWIFT_VERSION = 5.0;
				TARGETED_DEVICE_FAMILY = 1;
			};
			name = Debug;
		};
		251B7A96297735C0009FAD5C /* Release */ = {
			isa = XCBuildConfiguration;
			baseConfigurationReference = 6564888129566FDBF29D787A /* Pods-reddsaver.release.xcconfig */;
			buildSettings = {
				ASSETCATALOG_COMPILER_APPICON_NAME = AppIcon;
				ASSETCATALOG_COMPILER_GLOBAL_ACCENT_COLOR_NAME = AccentColor;
				CODE_SIGN_STYLE = Automatic;
				CURRENT_PROJECT_VERSION = 1;
				DEVELOPMENT_TEAM = VH5PGQFXD9;
				GENERATE_INFOPLIST_FILE = YES;
				INFOPLIST_FILE = reddsaver/Info.plist;
				INFOPLIST_KEY_CFBundleDisplayName = ReddSaver;
				INFOPLIST_KEY_LSApplicationCategoryType = "public.app-category.social-networking";
				INFOPLIST_KEY_UIApplicationSupportsIndirectInputEvents = YES;
				INFOPLIST_KEY_UILaunchStoryboardName = LaunchScreen;
				INFOPLIST_KEY_UIMainStoryboardFile = Main;
				INFOPLIST_KEY_UISupportedInterfaceOrientations = UIInterfaceOrientationPortrait;
				IPHONEOS_DEPLOYMENT_TARGET = 14.0;
				LD_RUNPATH_SEARCH_PATHS = (
					"$(inherited)",
					"@executable_path/Frameworks",
				);
				MARKETING_VERSION = 1.0;
				PRODUCT_BUNDLE_IDENTIFIER = com.marklaramee.reddsaver;
				PRODUCT_NAME = "$(TARGET_NAME)";
				SUPPORTED_PLATFORMS = "iphoneos iphonesimulator";
				SUPPORTS_MACCATALYST = NO;
				SUPPORTS_MAC_DESIGNED_FOR_IPHONE_IPAD = NO;
				SWIFT_EMIT_LOC_STRINGS = YES;
				SWIFT_VERSION = 5.0;
				TARGETED_DEVICE_FAMILY = 1;
			};
			name = Release;
		};
		251B7A98297735C0009FAD5C /* Debug */ = {
			isa = XCBuildConfiguration;
			buildSettings = {
				ALWAYS_EMBED_SWIFT_STANDARD_LIBRARIES = YES;
				BUNDLE_LOADER = "$(TEST_HOST)";
				CODE_SIGN_STYLE = Automatic;
				CURRENT_PROJECT_VERSION = 1;
				GENERATE_INFOPLIST_FILE = YES;
				IPHONEOS_DEPLOYMENT_TARGET = 16.2;
				MARKETING_VERSION = 1.0;
				PRODUCT_BUNDLE_IDENTIFIER = com.marklaramee.reddsaverTests;
				PRODUCT_NAME = "$(TARGET_NAME)";
				SWIFT_EMIT_LOC_STRINGS = NO;
				SWIFT_VERSION = 5.0;
				TARGETED_DEVICE_FAMILY = "1,2";
				TEST_HOST = "$(BUILT_PRODUCTS_DIR)/reddsaver.app/$(BUNDLE_EXECUTABLE_FOLDER_PATH)/reddsaver";
			};
			name = Debug;
		};
		251B7A99297735C0009FAD5C /* Release */ = {
			isa = XCBuildConfiguration;
			buildSettings = {
				ALWAYS_EMBED_SWIFT_STANDARD_LIBRARIES = YES;
				BUNDLE_LOADER = "$(TEST_HOST)";
				CODE_SIGN_STYLE = Automatic;
				CURRENT_PROJECT_VERSION = 1;
				GENERATE_INFOPLIST_FILE = YES;
				IPHONEOS_DEPLOYMENT_TARGET = 16.2;
				MARKETING_VERSION = 1.0;
				PRODUCT_BUNDLE_IDENTIFIER = com.marklaramee.reddsaverTests;
				PRODUCT_NAME = "$(TARGET_NAME)";
				SWIFT_EMIT_LOC_STRINGS = NO;
				SWIFT_VERSION = 5.0;
				TARGETED_DEVICE_FAMILY = "1,2";
				TEST_HOST = "$(BUILT_PRODUCTS_DIR)/reddsaver.app/$(BUNDLE_EXECUTABLE_FOLDER_PATH)/reddsaver";
			};
			name = Release;
		};
		251B7A9B297735C0009FAD5C /* Debug */ = {
			isa = XCBuildConfiguration;
			buildSettings = {
				ALWAYS_EMBED_SWIFT_STANDARD_LIBRARIES = YES;
				CODE_SIGN_STYLE = Automatic;
				CURRENT_PROJECT_VERSION = 1;
				GENERATE_INFOPLIST_FILE = YES;
				MARKETING_VERSION = 1.0;
				PRODUCT_BUNDLE_IDENTIFIER = com.marklaramee.reddsaverUITests;
				PRODUCT_NAME = "$(TARGET_NAME)";
				SWIFT_EMIT_LOC_STRINGS = NO;
				SWIFT_VERSION = 5.0;
				TARGETED_DEVICE_FAMILY = "1,2";
				TEST_TARGET_NAME = reddsaver;
			};
			name = Debug;
		};
		251B7A9C297735C0009FAD5C /* Release */ = {
			isa = XCBuildConfiguration;
			buildSettings = {
				ALWAYS_EMBED_SWIFT_STANDARD_LIBRARIES = YES;
				CODE_SIGN_STYLE = Automatic;
				CURRENT_PROJECT_VERSION = 1;
				GENERATE_INFOPLIST_FILE = YES;
				MARKETING_VERSION = 1.0;
				PRODUCT_BUNDLE_IDENTIFIER = com.marklaramee.reddsaverUITests;
				PRODUCT_NAME = "$(TARGET_NAME)";
				SWIFT_EMIT_LOC_STRINGS = NO;
				SWIFT_VERSION = 5.0;
				TARGETED_DEVICE_FAMILY = "1,2";
				TEST_TARGET_NAME = reddsaver;
			};
			name = Release;
		};
/* End XCBuildConfiguration section */

/* Begin XCConfigurationList section */
		251B7A62297735BD009FAD5C /* Build configuration list for PBXProject "reddsaver" */ = {
			isa = XCConfigurationList;
			buildConfigurations = (
				251B7A92297735C0009FAD5C /* Debug */,
				251B7A93297735C0009FAD5C /* Release */,
			);
			defaultConfigurationIsVisible = 0;
			defaultConfigurationName = Release;
		};
		251B7A94297735C0009FAD5C /* Build configuration list for PBXNativeTarget "reddsaver" */ = {
			isa = XCConfigurationList;
			buildConfigurations = (
				251B7A95297735C0009FAD5C /* Debug */,
				251B7A96297735C0009FAD5C /* Release */,
			);
			defaultConfigurationIsVisible = 0;
			defaultConfigurationName = Release;
		};
		251B7A97297735C0009FAD5C /* Build configuration list for PBXNativeTarget "reddsaverTests" */ = {
			isa = XCConfigurationList;
			buildConfigurations = (
				251B7A98297735C0009FAD5C /* Debug */,
				251B7A99297735C0009FAD5C /* Release */,
			);
			defaultConfigurationIsVisible = 0;
			defaultConfigurationName = Release;
		};
		251B7A9A297735C0009FAD5C /* Build configuration list for PBXNativeTarget "reddsaverUITests" */ = {
			isa = XCConfigurationList;
			buildConfigurations = (
				251B7A9B297735C0009FAD5C /* Debug */,
				251B7A9C297735C0009FAD5C /* Release */,
			);
			defaultConfigurationIsVisible = 0;
			defaultConfigurationName = Release;
		};
/* End XCConfigurationList section */

/* Begin XCVersionGroup section */
		251B7A73297735BD009FAD5C /* reddsaver.xcdatamodeld */ = {
			isa = XCVersionGroup;
			children = (
				251B7A74297735BD009FAD5C /* reddsaver.xcdatamodel */,
			);
			currentVersion = 251B7A74297735BD009FAD5C /* reddsaver.xcdatamodel */;
			path = reddsaver.xcdatamodeld;
			sourceTree = "<group>";
			versionGroupType = wrapper.xcdatamodel;
		};
/* End XCVersionGroup section */
	};
	rootObject = 251B7A5F297735BD009FAD5C /* Project object */;
}
